
Microsoft Visual Studio Solution File, Format Version 12.00
# Visual Studio 14
VisualStudioVersion = 14.0.25420.1
MinimumVisualStudioVersion = 10.0.40219.1
Project("{FAE04EC0-301F-11D3-BF4B-00C04F79EFBC}") = "WebApiHosting", "WebApiHosting\WebApiHosting.csproj", "{8EB4BE0E-40A5-46F9-B158-AD71952D9993}"
EndProject
Project("{FAE04EC0-301F-11D3-BF4B-00C04F79EFBC}") = "DataModel", "DataModel\DataModel.csproj", "{D8551529-D1B3-4048-90FF-851F61CB8CD0}"
EndProject
Global
	GlobalSection(SolutionConfigurationPlatforms) = preSolution
		Debug|Any CPU = Debug|Any CPU
		Release|Any CPU = Release|Any CPU
	EndGlobalSection
	GlobalSection(ProjectConfigurationPlatforms) = postSolution
		{8EB4BE0E-40A5-46F9-B158-AD71952D9993}.Debug|Any CPU.ActiveCfg = Debug|Any CPU
		{8EB4BE0E-40A5-46F9-B158-AD71952D9993}.Debug|Any CPU.Build.0 = Debug|Any CPU
		{8EB4BE0E-40A5-46F9-B158-AD71952D9993}.Release|Any CPU.ActiveCfg = Release|Any CPU
		{8EB4BE0E-40A5-46F9-B158-AD71952D9993}.Release|Any CPU.Build.0 = Release|Any CPU
		{D8551529-D1B3-4048-90FF-851F61CB8CD0}.Debug|Any CPU.ActiveCfg = Debug|Any CPU
		{D8551529-D1B3-4048-90FF-851F61CB8CD0}.Debug|Any CPU.Build.0 = Debug|Any CPU
		{D8551529-D1B3-4048-90FF-851F61CB8CD0}.Release|Any CPU.ActiveCfg = Release|Any CPU
		{D8551529-D1B3-4048-90FF-851F61CB8CD0}.Release|Any CPU.Build.0 = Release|Any CPU
	EndGlobalSection
	GlobalSection(SolutionProperties) = preSolution
		HideSolutionNode = FALSE
	EndGlobalSection
EndGlobal
