
Microsoft Visual Studio Solution File, Format Version 12.00
# Visual Studio 14
VisualStudioVersion = 14.0.25420.1
MinimumVisualStudioVersion = 10.0.40219.1
Project("{FAE04EC0-301F-11D3-BF4B-00C04F79EFBC}") = "WebApiHosting", "WebApiHosting\WebApiHosting.csproj", "{8EB4BE0E-40A5-46F9-B158-AD71952D9993}"
EndProject
Project("{FAE04EC0-301F-11D3-BF4B-00C04F79EFBC}") = "DataModel", "DataModel\DataModel.csproj", "{D8551529-D1B3-4048-90FF-851F61CB8CD0}"
EndProject
Project("{FAE04EC0-301F-11D3-BF4B-00C04F79EFBC}") = "DataAccess", "DataAccess\DataAccess.csproj", "{304C79FB-5375-4C11-BEA0-5080E8FED230}"
EndProject
Project("{FAE04EC0-301F-11D3-BF4B-00C04F79EFBC}") = "DataAccessInterfaces", "DataAccessInterfaces\DataAccessInterfaces.csproj", "{5895C776-BE6F-4893-8EA9-0C496333A390}"
EndProject
Project("{FAE04EC0-301F-11D3-BF4B-00C04F79EFBC}") = "WebPortal", "WebPortal\WebPortal.csproj", "{939DFF04-34BE-4DE6-A215-901E5AA8E31F}"
EndProject
Global
	GlobalSection(SolutionConfigurationPlatforms) = preSolution
		Debug|Any CPU = Debug|Any CPU
		Release|Any CPU = Release|Any CPU
	EndGlobalSection
	GlobalSection(ProjectConfigurationPlatforms) = postSolution
		{8EB4BE0E-40A5-46F9-B158-AD71952D9993}.Debug|Any CPU.ActiveCfg = Debug|Any CPU
		{8EB4BE0E-40A5-46F9-B158-AD71952D9993}.Debug|Any CPU.Build.0 = Debug|Any CPU
		{8EB4BE0E-40A5-46F9-B158-AD71952D9993}.Release|Any CPU.ActiveCfg = Release|Any CPU
		{8EB4BE0E-40A5-46F9-B158-AD71952D9993}.Release|Any CPU.Build.0 = Release|Any CPU
		{D8551529-D1B3-4048-90FF-851F61CB8CD0}.Debug|Any CPU.ActiveCfg = Debug|Any CPU
		{D8551529-D1B3-4048-90FF-851F61CB8CD0}.Debug|Any CPU.Build.0 = Debug|Any CPU
		{D8551529-D1B3-4048-90FF-851F61CB8CD0}.Release|Any CPU.ActiveCfg = Release|Any CPU
		{D8551529-D1B3-4048-90FF-851F61CB8CD0}.Release|Any CPU.Build.0 = Release|Any CPU
		{304C79FB-5375-4C11-BEA0-5080E8FED230}.Debug|Any CPU.ActiveCfg = Debug|Any CPU
		{304C79FB-5375-4C11-BEA0-5080E8FED230}.Debug|Any CPU.Build.0 = Debug|Any CPU
		{304C79FB-5375-4C11-BEA0-5080E8FED230}.Release|Any CPU.ActiveCfg = Release|Any CPU
		{304C79FB-5375-4C11-BEA0-5080E8FED230}.Release|Any CPU.Build.0 = Release|Any CPU
		{5895C776-BE6F-4893-8EA9-0C496333A390}.Debug|Any CPU.ActiveCfg = Debug|Any CPU
		{5895C776-BE6F-4893-8EA9-0C496333A390}.Debug|Any CPU.Build.0 = Debug|Any CPU
		{5895C776-BE6F-4893-8EA9-0C496333A390}.Release|Any CPU.ActiveCfg = Release|Any CPU
		{5895C776-BE6F-4893-8EA9-0C496333A390}.Release|Any CPU.Build.0 = Release|Any CPU
		{939DFF04-34BE-4DE6-A215-901E5AA8E31F}.Debug|Any CPU.ActiveCfg = Debug|Any CPU
		{939DFF04-34BE-4DE6-A215-901E5AA8E31F}.Debug|Any CPU.Build.0 = Debug|Any CPU
		{939DFF04-34BE-4DE6-A215-901E5AA8E31F}.Release|Any CPU.ActiveCfg = Release|Any CPU
		{939DFF04-34BE-4DE6-A215-901E5AA8E31F}.Release|Any CPU.Build.0 = Release|Any CPU
	EndGlobalSection
	GlobalSection(SolutionProperties) = preSolution
		HideSolutionNode = FALSE
	EndGlobalSection
EndGlobal
